
Microsoft Visual Studio Solution File, Format Version 12.00
# Visual Studio Version 16
VisualStudioVersion = 16.0.31105.61
MinimumVisualStudioVersion = 10.0.40219.1
Project("{FAE04EC0-301F-11D3-BF4B-00C04F79EFBC}") = "MISA.Amis.API", "MISA.Amis.API\MISA.Amis.API.csproj", "{A002C6F9-72F9-465E-A8C0-AF991F91A25E}"
EndProject
Project("{FAE04EC0-301F-11D3-BF4B-00C04F79EFBC}") = "MISA.Core", "MISA.Core\MISA.Core.csproj", "{743BE3E2-F159-4856-9BAE-E2242495E66E}"
EndProject
Project("{FAE04EC0-301F-11D3-BF4B-00C04F79EFBC}") = "MISA.Infrastructure", "MISA.Infrastructure\MISA.Infrastructure.csproj", "{F993D177-86AD-4F90-984A-77CF2E531CCB}"
EndProject
Global
	GlobalSection(SolutionConfigurationPlatforms) = preSolution
		Debug|Any CPU = Debug|Any CPU
		Release|Any CPU = Release|Any CPU
	EndGlobalSection
	GlobalSection(ProjectConfigurationPlatforms) = postSolution
		{A002C6F9-72F9-465E-A8C0-AF991F91A25E}.Debug|Any CPU.ActiveCfg = Debug|Any CPU
		{A002C6F9-72F9-465E-A8C0-AF991F91A25E}.Debug|Any CPU.Build.0 = Debug|Any CPU
		{A002C6F9-72F9-465E-A8C0-AF991F91A25E}.Release|Any CPU.ActiveCfg = Release|Any CPU
		{A002C6F9-72F9-465E-A8C0-AF991F91A25E}.Release|Any CPU.Build.0 = Release|Any CPU
		{743BE3E2-F159-4856-9BAE-E2242495E66E}.Debug|Any CPU.ActiveCfg = Debug|Any CPU
		{743BE3E2-F159-4856-9BAE-E2242495E66E}.Debug|Any CPU.Build.0 = Debug|Any CPU
		{743BE3E2-F159-4856-9BAE-E2242495E66E}.Release|Any CPU.ActiveCfg = Release|Any CPU
		{743BE3E2-F159-4856-9BAE-E2242495E66E}.Release|Any CPU.Build.0 = Release|Any CPU
		{F993D177-86AD-4F90-984A-77CF2E531CCB}.Debug|Any CPU.ActiveCfg = Debug|Any CPU
		{F993D177-86AD-4F90-984A-77CF2E531CCB}.Debug|Any CPU.Build.0 = Debug|Any CPU
		{F993D177-86AD-4F90-984A-77CF2E531CCB}.Release|Any CPU.ActiveCfg = Release|Any CPU
		{F993D177-86AD-4F90-984A-77CF2E531CCB}.Release|Any CPU.Build.0 = Release|Any CPU
	EndGlobalSection
	GlobalSection(SolutionProperties) = preSolution
		HideSolutionNode = FALSE
	EndGlobalSection
	GlobalSection(ExtensibilityGlobals) = postSolution
		SolutionGuid = {D78775C1-9DA7-4B67-8487-43FF373A4170}
	EndGlobalSection
EndGlobal
